// !$*UTF8*$!
{
	archiveVersion = 1;
	classes = {
	};
	objectVersion = 50;
	objects = {

/* Begin PBXBuildFile section */
		A753CF802662A5D600444D43 /* AppDelegate.swift in Sources */ = {isa = PBXBuildFile; fileRef = A753CF7F2662A5D600444D43 /* AppDelegate.swift */; };
		A753CF822662A5D600444D43 /* SceneDelegate.swift in Sources */ = {isa = PBXBuildFile; fileRef = A753CF812662A5D600444D43 /* SceneDelegate.swift */; };
		A753CF842662A5D600444D43 /* ContentView.swift in Sources */ = {isa = PBXBuildFile; fileRef = A753CF832662A5D600444D43 /* ContentView.swift */; };
		A753CF862662A5D700444D43 /* Assets.xcassets in Resources */ = {isa = PBXBuildFile; fileRef = A753CF852662A5D700444D43 /* Assets.xcassets */; };
		A753CF892662A5D700444D43 /* Preview Assets.xcassets in Resources */ = {isa = PBXBuildFile; fileRef = A753CF882662A5D700444D43 /* Preview Assets.xcassets */; };
		A753CF8C2662A5D700444D43 /* LaunchScreen.storyboard in Resources */ = {isa = PBXBuildFile; fileRef = A753CF8A2662A5D700444D43 /* LaunchScreen.storyboard */; };
		A753CF952662A66400444D43 /* Baseunit.swift in Sources */ = {isa = PBXBuildFile; fileRef = A753CF942662A66400444D43 /* Baseunit.swift */; };
		A753CF992662ADE600444D43 /* ConvertedUnit.swift in Sources */ = {isa = PBXBuildFile; fileRef = A753CF982662ADE600444D43 /* ConvertedUnit.swift */; };
/* End PBXBuildFile section */

/* Begin PBXFileReference section */
		A753CF7C2662A5D600444D43 /* Challange1-Conversions.app */ = {isa = PBXFileReference; explicitFileType = wrapper.application; includeInIndex = 0; path = "Challange1-Conversions.app"; sourceTree = BUILT_PRODUCTS_DIR; };
		A753CF7F2662A5D600444D43 /* AppDelegate.swift */ = {isa = PBXFileReference; lastKnownFileType = sourcecode.swift; path = AppDelegate.swift; sourceTree = "<group>"; };
		A753CF812662A5D600444D43 /* SceneDelegate.swift */ = {isa = PBXFileReference; lastKnownFileType = sourcecode.swift; path = SceneDelegate.swift; sourceTree = "<group>"; };
		A753CF832662A5D600444D43 /* ContentView.swift */ = {isa = PBXFileReference; lastKnownFileType = sourcecode.swift; path = ContentView.swift; sourceTree = "<group>"; };
		A753CF852662A5D700444D43 /* Assets.xcassets */ = {isa = PBXFileReference; lastKnownFileType = folder.assetcatalog; path = Assets.xcassets; sourceTree = "<group>"; };
		A753CF882662A5D700444D43 /* Preview Assets.xcassets */ = {isa = PBXFileReference; lastKnownFileType = folder.assetcatalog; path = "Preview Assets.xcassets"; sourceTree = "<group>"; };
		A753CF8B2662A5D700444D43 /* Base */ = {isa = PBXFileReference; lastKnownFileType = file.storyboard; name = Base; path = Base.lproj/LaunchScreen.storyboard; sourceTree = "<group>"; };
		A753CF8D2662A5D700444D43 /* Info.plist */ = {isa = PBXFileReference; lastKnownFileType = text.plist.xml; path = Info.plist; sourceTree = "<group>"; };
		A753CF942662A66400444D43 /* Baseunit.swift */ = {isa = PBXFileReference; lastKnownFileType = sourcecode.swift; path = Baseunit.swift; sourceTree = "<group>"; };
		A753CF982662ADE600444D43 /* ConvertedUnit.swift */ = {isa = PBXFileReference; lastKnownFileType = sourcecode.swift; path = ConvertedUnit.swift; sourceTree = "<group>"; };
/* End PBXFileReference section */

/* Begin PBXFrameworksBuildPhase section */
		A753CF792662A5D600444D43 /* Frameworks */ = {
			isa = PBXFrameworksBuildPhase;
			buildActionMask = 2147483647;
			files = (
			);
			runOnlyForDeploymentPostprocessing = 0;
		};
/* End PBXFrameworksBuildPhase section */

/* Begin PBXGroup section */
		A753CF732662A5D600444D43 = {
			isa = PBXGroup;
			children = (
				A753CF7E2662A5D600444D43 /* Challange1-Conversions */,
				A753CF7D2662A5D600444D43 /* Products */,
			);
			sourceTree = "<group>";
		};
		A753CF7D2662A5D600444D43 /* Products */ = {
			isa = PBXGroup;
			children = (
				A753CF7C2662A5D600444D43 /* Challange1-Conversions.app */,
			);
			name = Products;
			sourceTree = "<group>";
		};
		A753CF7E2662A5D600444D43 /* Challange1-Conversions */ = {
			isa = PBXGroup;
			children = (
				A753CF7F2662A5D600444D43 /* AppDelegate.swift */,
				A753CF812662A5D600444D43 /* SceneDelegate.swift */,
				A753CF832662A5D600444D43 /* ContentView.swift */,
				A753CF972662ADB800444D43 /* Model */,
				A753CF852662A5D700444D43 /* Assets.xcassets */,
				A753CF8A2662A5D700444D43 /* LaunchScreen.storyboard */,
				A753CF8D2662A5D700444D43 /* Info.plist */,
				A753CF872662A5D700444D43 /* Preview Content */,
			);
			path = "Challange1-Conversions";
			sourceTree = "<group>";
		};
		A753CF872662A5D700444D43 /* Preview Content */ = {
			isa = PBXGroup;
			children = (
				A753CF882662A5D700444D43 /* Preview Assets.xcassets */,
			);
			path = "Preview Content";
			sourceTree = "<group>";
		};
		A753CF972662ADB800444D43 /* Model */ = {
			isa = PBXGroup;
			children = (
				A753CF942662A66400444D43 /* Baseunit.swift */,
				A753CF982662ADE600444D43 /* ConvertedUnit.swift */,
			);
			path = Model;
			sourceTree = "<group>";
		};
/* End PBXGroup section */

/* Begin PBXNativeTarget section */
		A753CF7B2662A5D600444D43 /* Challange1-Conversions */ = {
			isa = PBXNativeTarget;
			buildConfigurationList = A753CF902662A5D700444D43 /* Build configuration list for PBXNativeTarget "Challange1-Conversions" */;
			buildPhases = (
				A753CF782662A5D600444D43 /* Sources */,
				A753CF792662A5D600444D43 /* Frameworks */,
				A753CF7A2662A5D600444D43 /* Resources */,
			);
			buildRules = (
			);
			dependencies = (
			);
			name = "Challange1-Conversions";
			productName = "Challange1-Conversions";
			productReference = A753CF7C2662A5D600444D43 /* Challange1-Conversions.app */;
			productType = "com.apple.product-type.application";
		};
/* End PBXNativeTarget section */

/* Begin PBXProject section */
		A753CF742662A5D600444D43 /* Project object */ = {
			isa = PBXProject;
			attributes = {
				LastSwiftUpdateCheck = 1240;
				LastUpgradeCheck = 1240;
				TargetAttributes = {
					A753CF7B2662A5D600444D43 = {
						CreatedOnToolsVersion = 12.4;
					};
				};
			};
			buildConfigurationList = A753CF772662A5D600444D43 /* Build configuration list for PBXProject "Challange1-Conversions" */;
			compatibilityVersion = "Xcode 9.3";
			developmentRegion = en;
			hasScannedForEncodings = 0;
			knownRegions = (
				en,
				Base,
			);
			mainGroup = A753CF732662A5D600444D43;
			productRefGroup = A753CF7D2662A5D600444D43 /* Products */;
			projectDirPath = "";
			projectRoot = "";
			targets = (
				A753CF7B2662A5D600444D43 /* Challange1-Conversions */,
			);
		};
/* End PBXProject section */

/* Begin PBXResourcesBuildPhase section */
		A753CF7A2662A5D600444D43 /* Resources */ = {
			isa = PBXResourcesBuildPhase;
			buildActionMask = 2147483647;
			files = (
				A753CF8C2662A5D700444D43 /* LaunchScreen.storyboard in Resources */,
				A753CF892662A5D700444D43 /* Preview Assets.xcassets in Resources */,
				A753CF862662A5D700444D43 /* Assets.xcassets in Resources */,
			);
			runOnlyForDeploymentPostprocessing = 0;
		};
/* End PBXResourcesBuildPhase section */

/* Begin PBXSourcesBuildPhase section */
		A753CF782662A5D600444D43 /* Sources */ = {
			isa = PBXSourcesBuildPhase;
			buildActionMask = 2147483647;
			files = (
				A753CF952662A66400444D43 /* Baseunit.swift in Sources */,
				A753CF802662A5D600444D43 /* AppDelegate.swift in Sources */,
				A753CF822662A5D600444D43 /* SceneDelegate.swift in Sources */,
				A753CF992662ADE600444D43 /* ConvertedUnit.swift in Sources */,
				A753CF842662A5D600444D43 /* ContentView.swift in Sources */,
			);
			runOnlyForDeploymentPostprocessing = 0;
		};
/* End PBXSourcesBuildPhase section */

/* Begin PBXVariantGroup section */
		A753CF8A2662A5D700444D43 /* LaunchScreen.storyboard */ = {
			isa = PBXVariantGroup;
			children = (
				A753CF8B2662A5D700444D43 /* Base */,
			);
			name = LaunchScreen.storyboard;
			sourceTree = "<group>";
		};
/* End PBXVariantGroup section */

/* Begin XCBuildConfiguration section */
		A753CF8E2662A5D700444D43 /* Debug */ = {
			isa = XCBuildConfiguration;
			buildSettings = {
				ALWAYS_SEARCH_USER_PATHS = NO;
				CLANG_ANALYZER_NONNULL = YES;
				CLANG_ANALYZER_NUMBER_OBJECT_CONVERSION = YES_AGGRESSIVE;
				CLANG_CXX_LANGUAGE_STANDARD = "gnu++14";
				CLANG_CXX_LIBRARY = "libc++";
				CLANG_ENABLE_MODULES = YES;
				CLANG_ENABLE_OBJC_ARC = YES;
				CLANG_ENABLE_OBJC_WEAK = YES;
				CLANG_WARN_BLOCK_CAPTURE_AUTORELEASING = YES;
				CLANG_WARN_BOOL_CONVERSION = YES;
				CLANG_WARN_COMMA = YES;
				CLANG_WARN_CONSTANT_CONVERSION = YES;
				CLANG_WARN_DEPRECATED_OBJC_IMPLEMENTATIONS = YES;
				CLANG_WARN_DIRECT_OBJC_ISA_USAGE = YES_ERROR;
				CLANG_WARN_DOCUMENTATION_COMMENTS = YES;
				CLANG_WARN_EMPTY_BODY = YES;
				CLANG_WARN_ENUM_CONVERSION = YES;
				CLANG_WARN_INFINITE_RECURSION = YES;
				CLANG_WARN_INT_CONVERSION = YES;
				CLANG_WARN_NON_LITERAL_NULL_CONVERSION = YES;
				CLANG_WARN_OBJC_IMPLICIT_RETAIN_SELF = YES;
				CLANG_WARN_OBJC_LITERAL_CONVERSION = YES;
				CLANG_WARN_OBJC_ROOT_CLASS = YES_ERROR;
				CLANG_WARN_QUOTED_INCLUDE_IN_FRAMEWORK_HEADER = YES;
				CLANG_WARN_RANGE_LOOP_ANALYSIS = YES;
				CLANG_WARN_STRICT_PROTOTYPES = YES;
				CLANG_WARN_SUSPICIOUS_MOVE = YES;
				CLANG_WARN_UNGUARDED_AVAILABILITY = YES_AGGRESSIVE;
				CLANG_WARN_UNREACHABLE_CODE = YES;
				CLANG_WARN__DUPLICATE_METHOD_MATCH = YES;
				COPY_PHASE_STRIP = NO;
				DEBUG_INFORMATION_FORMAT = dwarf;
				ENABLE_STRICT_OBJC_MSGSEND = YES;
				ENABLE_TESTABILITY = YES;
				GCC_C_LANGUAGE_STANDARD = gnu11;
				GCC_DYNAMIC_NO_PIC = NO;
				GCC_NO_COMMON_BLOCKS = YES;
				GCC_OPTIMIZATION_LEVEL = 0;
				GCC_PREPROCESSOR_DEFINITIONS = (
					"DEBUG=1",
					"$(inherited)",
				);
				GCC_WARN_64_TO_32_BIT_CONVERSION = YES;
				GCC_WARN_ABOUT_RETURN_TYPE = YES_ERROR;
				GCC_WARN_UNDECLARED_SELECTOR = YES;
				GCC_WARN_UNINITIALIZED_AUTOS = YES_AGGRESSIVE;
				GCC_WARN_UNUSED_FUNCTION = YES;
				GCC_WARN_UNUSED_VARIABLE = YES;
				IPHONEOS_DEPLOYMENT_TARGET = 14.4;
				MTL_ENABLE_DEBUG_INFO = INCLUDE_SOURCE;
				MTL_FAST_MATH = YES;
				ONLY_ACTIVE_ARCH = YES;
				SDKROOT = iphoneos;
				SWIFT_ACTIVE_COMPILATION_CONDITIONS = DEBUG;
				SWIFT_OPTIMIZATION_LEVEL = "-Onone";
			};
			name = Debug;
		};
		A753CF8F2662A5D700444D43 /* Release */ = {
			isa = XCBuildConfiguration;
			buildSettings = {
				ALWAYS_SEARCH_USER_PATHS = NO;
				CLANG_ANALYZER_NONNULL = YES;
				CLANG_ANALYZER_NUMBER_OBJECT_CONVERSION = YES_AGGRESSIVE;
				CLANG_CXX_LANGUAGE_STANDARD = "gnu++14";
				CLANG_CXX_LIBRARY = "libc++";
				CLANG_ENABLE_MODULES = YES;
				CLANG_ENABLE_OBJC_ARC = YES;
				CLANG_ENABLE_OBJC_WEAK = YES;
				CLANG_WARN_BLOCK_CAPTURE_AUTORELEASING = YES;
				CLANG_WARN_BOOL_CONVERSION = YES;
				CLANG_WARN_COMMA = YES;
				CLANG_WARN_CONSTANT_CONVERSION = YES;
				CLANG_WARN_DEPRECATED_OBJC_IMPLEMENTATIONS = YES;
				CLANG_WARN_DIRECT_OBJC_ISA_USAGE = YES_ERROR;
				CLANG_WARN_DOCUMENTATION_COMMENTS = YES;
				CLANG_WARN_EMPTY_BODY = YES;
				CLANG_WARN_ENUM_CONVERSION = YES;
				CLANG_WARN_INFINITE_RECURSION = YES;
				CLANG_WARN_INT_CONVERSION = YES;
				CLANG_WARN_NON_LITERAL_NULL_CONVERSION = YES;
				CLANG_WARN_OBJC_IMPLICIT_RETAIN_SELF = YES;
				CLANG_WARN_OBJC_LITERAL_CONVERSION = YES;
				CLANG_WARN_OBJC_ROOT_CLASS = YES_ERROR;
				CLANG_WARN_QUOTED_INCLUDE_IN_FRAMEWORK_HEADER = YES;
				CLANG_WARN_RANGE_LOOP_ANALYSIS = YES;
				CLANG_WARN_STRICT_PROTOTYPES = YES;
				CLANG_WARN_SUSPICIOUS_MOVE = YES;
				CLANG_WARN_UNGUARDED_AVAILABILITY = YES_AGGRESSIVE;
				CLANG_WARN_UNREACHABLE_CODE = YES;
				CLANG_WARN__DUPLICATE_METHOD_MATCH = YES;
				COPY_PHASE_STRIP = NO;
				DEBUG_INFORMATION_FORMAT = "dwarf-with-dsym";
				ENABLE_NS_ASSERTIONS = NO;
				ENABLE_STRICT_OBJC_MSGSEND = YES;
				GCC_C_LANGUAGE_STANDARD = gnu11;
				GCC_NO_COMMON_BLOCKS = YES;
				GCC_WARN_64_TO_32_BIT_CONVERSION = YES;
				GCC_WARN_ABOUT_RETURN_TYPE = YES_ERROR;
				GCC_WARN_UNDECLARED_SELECTOR = YES;
				GCC_WARN_UNINITIALIZED_AUTOS = YES_AGGRESSIVE;
				GCC_WARN_UNUSED_FUNCTION = YES;
				GCC_WARN_UNUSED_VARIABLE = YES;
				IPHONEOS_DEPLOYMENT_TARGET = 14.4;
				MTL_ENABLE_DEBUG_INFO = NO;
				MTL_FAST_MATH = YES;
				SDKROOT = iphoneos;
				SWIFT_COMPILATION_MODE = wholemodule;
				SWIFT_OPTIMIZATION_LEVEL = "-O";
				VALIDATE_PRODUCT = YES;
			};
			name = Release;
		};
		A753CF912662A5D700444D43 /* Debug */ = {
			isa = XCBuildConfiguration;
			buildSettings = {
				ASSETCATALOG_COMPILER_APPICON_NAME = AppIcon;
				ASSETCATALOG_COMPILER_GLOBAL_ACCENT_COLOR_NAME = AccentColor;
				CODE_SIGN_STYLE = Automatic;
				DEVELOPMENT_ASSET_PATHS = "\"Challange1-Conversions/Preview Content\"";
				DEVELOPMENT_TEAM = 9G2243U9KY;
				ENABLE_PREVIEWS = YES;
				INFOPLIST_FILE = "Challange1-Conversions/Info.plist";
				LD_RUNPATH_SEARCH_PATHS = (
					"$(inherited)",
					"@executable_path/Frameworks",
				);
				PRODUCT_BUNDLE_IDENTIFIER = "com.teekscode.Challange1-Conversions";
				PRODUCT_NAME = "$(TARGET_NAME)";
				SWIFT_VERSION = 5.0;
				TARGETED_DEVICE_FAMILY = "1,2";
			};
			name = Debug;
		};
		A753CF922662A5D700444D43 /* Release */ = {
			isa = XCBuildConfiguration;
			buildSettings = {
				ASSETCATALOG_COMPILER_APPICON_NAME = AppIcon;
				ASSETCATALOG_COMPILER_GLOBAL_ACCENT_COLOR_NAME = AccentColor;
				CODE_SIGN_STYLE = Automatic;
				DEVELOPMENT_ASSET_PATHS = "\"Challange1-Conversions/Preview Content\"";
				DEVELOPMENT_TEAM = 9G2243U9KY;
				ENABLE_PREVIEWS = YES;
				INFOPLIST_FILE = "Challange1-Conversions/Info.plist";
				LD_RUNPATH_SEARCH_PATHS = (
					"$(inherited)",
					"@executable_path/Frameworks",
				);
				PRODUCT_BUNDLE_IDENTIFIER = "com.teekscode.Challange1-Conversions";
				PRODUCT_NAME = "$(TARGET_NAME)";
				SWIFT_VERSION = 5.0;
				TARGETED_DEVICE_FAMILY = "1,2";
			};
			name = Release;
		};
/* End XCBuildConfiguration section */

/* Begin XCConfigurationList section */
		A753CF772662A5D600444D43 /* Build configuration list for PBXProject "Challange1-Conversions" */ = {
			isa = XCConfigurationList;
			buildConfigurations = (
				A753CF8E2662A5D700444D43 /* Debug */,
				A753CF8F2662A5D700444D43 /* Release */,
			);
			defaultConfigurationIsVisible = 0;
			defaultConfigurationName = Release;
		};
		A753CF902662A5D700444D43 /* Build configuration list for PBXNativeTarget "Challange1-Conversions" */ = {
			isa = XCConfigurationList;
			buildConfigurations = (
				A753CF912662A5D700444D43 /* Debug */,
				A753CF922662A5D700444D43 /* Release */,
			);
			defaultConfigurationIsVisible = 0;
			defaultConfigurationName = Release;
		};
/* End XCConfigurationList section */
	};
	rootObject = A753CF742662A5D600444D43 /* Project object */;
}
